// !$*UTF8*$!
{
	archiveVersion = 1;
	classes = {
	};
	objectVersion = 56;
	objects = {

/* Begin PBXBuildFile section */
		5DEADA907DEB28FA6C9E232D /* libPods-BelenetsAppTwo.a in Frameworks */ = {isa = PBXBuildFile; fileRef = 7B859351A67F104900EE38FD /* libPods-BelenetsAppTwo.a */; };
		92B242B32AD2BF5600606259 /* AppDelegate.swift in Sources */ = {isa = PBXBuildFile; fileRef = 92B242B22AD2BF5600606259 /* AppDelegate.swift */; };
		92B242B52AD2BF5600606259 /* SceneDelegate.swift in Sources */ = {isa = PBXBuildFile; fileRef = 92B242B42AD2BF5600606259 /* SceneDelegate.swift */; };
		92B242B72AD2BF5600606259 /* ViewController.swift in Sources */ = {isa = PBXBuildFile; fileRef = 92B242B62AD2BF5600606259 /* ViewController.swift */; };
		92B242BC2AD2BF5900606259 /* Assets.xcassets in Resources */ = {isa = PBXBuildFile; fileRef = 92B242BB2AD2BF5900606259 /* Assets.xcassets */; };
		92B242BF2AD2BF5900606259 /* LaunchScreen.storyboard in Resources */ = {isa = PBXBuildFile; fileRef = 92B242BD2AD2BF5900606259 /* LaunchScreen.storyboard */; };
		92B242C72AD33FE800606259 /* Model.swift in Sources */ = {isa = PBXBuildFile; fileRef = 92B242C62AD33FE700606259 /* Model.swift */; };
		92B242C92AD3512500606259 /* CustomCell.swift in Sources */ = {isa = PBXBuildFile; fileRef = 92B242C82AD3512500606259 /* CustomCell.swift */; };
		92B242DB2AD48FFD00606259 /* NetworkManager.swift in Sources */ = {isa = PBXBuildFile; fileRef = 92B242DA2AD48FFD00606259 /* NetworkManager.swift */; };
		92B242DF2AD4AEF800606259 /* ViewModel.swift in Sources */ = {isa = PBXBuildFile; fileRef = 92B242DE2AD4AEF800606259 /* ViewModel.swift */; };
		92B242EB2ADAC38900606259 /* Numbers.swift in Sources */ = {isa = PBXBuildFile; fileRef = 92B242EA2ADAC38900606259 /* Numbers.swift */; };
/* End PBXBuildFile section */

/* Begin PBXFileReference section */
		62A89BF3BB1DC7BC57784FF0 /* Pods-BelenetsAppTwo.release.xcconfig */ = {isa = PBXFileReference; includeInIndex = 1; lastKnownFileType = text.xcconfig; name = "Pods-BelenetsAppTwo.release.xcconfig"; path = "Target Support Files/Pods-BelenetsAppTwo/Pods-BelenetsAppTwo.release.xcconfig"; sourceTree = "<group>"; };
		7B859351A67F104900EE38FD /* libPods-BelenetsAppTwo.a */ = {isa = PBXFileReference; explicitFileType = archive.ar; includeInIndex = 0; path = "libPods-BelenetsAppTwo.a"; sourceTree = BUILT_PRODUCTS_DIR; };
		92B242AF2AD2BF5600606259 /* BelenetsAppTwo.app */ = {isa = PBXFileReference; explicitFileType = wrapper.application; includeInIndex = 0; path = BelenetsAppTwo.app; sourceTree = BUILT_PRODUCTS_DIR; };
		92B242B22AD2BF5600606259 /* AppDelegate.swift */ = {isa = PBXFileReference; lastKnownFileType = sourcecode.swift; path = AppDelegate.swift; sourceTree = "<group>"; };
		92B242B42AD2BF5600606259 /* SceneDelegate.swift */ = {isa = PBXFileReference; lastKnownFileType = sourcecode.swift; path = SceneDelegate.swift; sourceTree = "<group>"; };
		92B242B62AD2BF5600606259 /* ViewController.swift */ = {isa = PBXFileReference; lastKnownFileType = sourcecode.swift; path = ViewController.swift; sourceTree = "<group>"; };
		92B242BB2AD2BF5900606259 /* Assets.xcassets */ = {isa = PBXFileReference; lastKnownFileType = folder.assetcatalog; path = Assets.xcassets; sourceTree = "<group>"; };
		92B242BE2AD2BF5900606259 /* Base */ = {isa = PBXFileReference; lastKnownFileType = file.storyboard; name = Base; path = Base.lproj/LaunchScreen.storyboard; sourceTree = "<group>"; };
		92B242C02AD2BF5900606259 /* Info.plist */ = {isa = PBXFileReference; lastKnownFileType = text.plist.xml; path = Info.plist; sourceTree = "<group>"; };
		92B242C62AD33FE700606259 /* Model.swift */ = {isa = PBXFileReference; lastKnownFileType = sourcecode.swift; path = Model.swift; sourceTree = "<group>"; };
		92B242C82AD3512500606259 /* CustomCell.swift */ = {isa = PBXFileReference; lastKnownFileType = sourcecode.swift; path = CustomCell.swift; sourceTree = "<group>"; };
		92B242DA2AD48FFD00606259 /* NetworkManager.swift */ = {isa = PBXFileReference; lastKnownFileType = sourcecode.swift; path = NetworkManager.swift; sourceTree = "<group>"; };
		92B242DE2AD4AEF800606259 /* ViewModel.swift */ = {isa = PBXFileReference; lastKnownFileType = sourcecode.swift; path = ViewModel.swift; sourceTree = "<group>"; };
		92B242EA2ADAC38900606259 /* Numbers.swift */ = {isa = PBXFileReference; lastKnownFileType = sourcecode.swift; path = Numbers.swift; sourceTree = "<group>"; };
		D98A8FB2D2AF5EB2AB7E5AE1 /* Pods-BelenetsAppTwo.debug.xcconfig */ = {isa = PBXFileReference; includeInIndex = 1; lastKnownFileType = text.xcconfig; name = "Pods-BelenetsAppTwo.debug.xcconfig"; path = "Target Support Files/Pods-BelenetsAppTwo/Pods-BelenetsAppTwo.debug.xcconfig"; sourceTree = "<group>"; };
/* End PBXFileReference section */

/* Begin PBXFrameworksBuildPhase section */
		92B242AC2AD2BF5600606259 /* Frameworks */ = {
			isa = PBXFrameworksBuildPhase;
			buildActionMask = 2147483647;
			files = (
				5DEADA907DEB28FA6C9E232D /* libPods-BelenetsAppTwo.a in Frameworks */,
			);
			runOnlyForDeploymentPostprocessing = 0;
		};
/* End PBXFrameworksBuildPhase section */

/* Begin PBXGroup section */
		31A099822847A9881DF76873 /* Pods */ = {
			isa = PBXGroup;
			children = (
				D98A8FB2D2AF5EB2AB7E5AE1 /* Pods-BelenetsAppTwo.debug.xcconfig */,
				62A89BF3BB1DC7BC57784FF0 /* Pods-BelenetsAppTwo.release.xcconfig */,
			);
			path = Pods;
			sourceTree = "<group>";
		};
		92B242A62AD2BF5600606259 = {
			isa = PBXGroup;
			children = (
				92B242B12AD2BF5600606259 /* BelenetsAppTwo */,
				92B242B02AD2BF5600606259 /* Products */,
				31A099822847A9881DF76873 /* Pods */,
				E74C2995B004D9D6CA97B93F /* Frameworks */,
			);
			sourceTree = "<group>";
		};
		92B242B02AD2BF5600606259 /* Products */ = {
			isa = PBXGroup;
			children = (
				92B242AF2AD2BF5600606259 /* BelenetsAppTwo.app */,
			);
			name = Products;
			sourceTree = "<group>";
		};
		92B242B12AD2BF5600606259 /* BelenetsAppTwo */ = {
			isa = PBXGroup;
			children = (
				92B242E12AD5730000606259 /* App */,
				92B242E02AD572F000606259 /* ViewController */,
				92B242ED2ADC608C00606259 /* NetworkManager */,
				92B242EF2ADC60D600606259 /* Storyboard */,
				92B242EC2ADC606A00606259 /* Model */,
				92B242EE2ADC60C800606259 /* Resources */,
			);
			path = BelenetsAppTwo;
			sourceTree = "<group>";
		};
		92B242E02AD572F000606259 /* ViewController */ = {
			isa = PBXGroup;
			children = (
				92B242B62AD2BF5600606259 /* ViewController.swift */,
				92B242DE2AD4AEF800606259 /* ViewModel.swift */,
				92B242E22AD57CD200606259 /* WeatherCell */,
			);
			path = ViewController;
			sourceTree = "<group>";
		};
		92B242E12AD5730000606259 /* App */ = {
			isa = PBXGroup;
			children = (
				92B242C02AD2BF5900606259 /* Info.plist */,
				92B242B22AD2BF5600606259 /* AppDelegate.swift */,
				92B242B42AD2BF5600606259 /* SceneDelegate.swift */,
			);
			path = App;
			sourceTree = "<group>";
		};
		92B242E22AD57CD200606259 /* WeatherCell */ = {
			isa = PBXGroup;
			children = (
				92B242C82AD3512500606259 /* CustomCell.swift */,
			);
			path = WeatherCell;
			sourceTree = "<group>";
		};
		92B242EC2ADC606A00606259 /* Model */ = {
			isa = PBXGroup;
			children = (
				92B242C62AD33FE700606259 /* Model.swift */,
				92B242EA2ADAC38900606259 /* Numbers.swift */,
			);
			path = Model;
			sourceTree = "<group>";
		};
		92B242ED2ADC608C00606259 /* NetworkManager */ = {
			isa = PBXGroup;
			children = (
				92B242DA2AD48FFD00606259 /* NetworkManager.swift */,
			);
			path = NetworkManager;
			sourceTree = "<group>";
		};
		92B242EE2ADC60C800606259 /* Resources */ = {
			isa = PBXGroup;
			children = (
				92B242BB2AD2BF5900606259 /* Assets.xcassets */,
			);
			path = Resources;
			sourceTree = "<group>";
		};
		92B242EF2ADC60D600606259 /* Storyboard */ = {
			isa = PBXGroup;
			children = (
				92B242BD2AD2BF5900606259 /* LaunchScreen.storyboard */,
			);
			path = Storyboard;
			sourceTree = "<group>";
		};
		E74C2995B004D9D6CA97B93F /* Frameworks */ = {
			isa = PBXGroup;
			children = (
				7B859351A67F104900EE38FD /* libPods-BelenetsAppTwo.a */,
			);
			name = Frameworks;
			sourceTree = "<group>";
		};
/* End PBXGroup section */

/* Begin PBXNativeTarget section */
		92B242AE2AD2BF5600606259 /* BelenetsAppTwo */ = {
			isa = PBXNativeTarget;
			buildConfigurationList = 92B242C32AD2BF5900606259 /* Build configuration list for PBXNativeTarget "BelenetsAppTwo" */;
			buildPhases = (
				6BDD20F30E8DCFED508901AC /* [CP] Check Pods Manifest.lock */,
				92B242AB2AD2BF5600606259 /* Sources */,
				92B242AC2AD2BF5600606259 /* Frameworks */,
				92B242AD2AD2BF5600606259 /* Resources */,
			);
			buildRules = (
			);
			dependencies = (
			);
			name = BelenetsAppTwo;
			productName = BelenetsAppTwo;
			productReference = 92B242AF2AD2BF5600606259 /* BelenetsAppTwo.app */;
			productType = "com.apple.product-type.application";
		};
/* End PBXNativeTarget section */

/* Begin PBXProject section */
		92B242A72AD2BF5600606259 /* Project object */ = {
			isa = PBXProject;
			attributes = {
				BuildIndependentTargetsInParallel = 1;
				LastSwiftUpdateCheck = 1420;
				LastUpgradeCheck = 1420;
				TargetAttributes = {
					92B242AE2AD2BF5600606259 = {
						CreatedOnToolsVersion = 14.2;
					};
				};
			};
			buildConfigurationList = 92B242AA2AD2BF5600606259 /* Build configuration list for PBXProject "BelenetsAppTwo" */;
			compatibilityVersion = "Xcode 14.0";
			developmentRegion = en;
			hasScannedForEncodings = 0;
			knownRegions = (
				en,
				Base,
			);
			mainGroup = 92B242A62AD2BF5600606259;
			productRefGroup = 92B242B02AD2BF5600606259 /* Products */;
			projectDirPath = "";
			projectRoot = "";
			targets = (
				92B242AE2AD2BF5600606259 /* BelenetsAppTwo */,
			);
		};
/* End PBXProject section */

/* Begin PBXResourcesBuildPhase section */
		92B242AD2AD2BF5600606259 /* Resources */ = {
			isa = PBXResourcesBuildPhase;
			buildActionMask = 2147483647;
			files = (
				92B242BF2AD2BF5900606259 /* LaunchScreen.storyboard in Resources */,
				92B242BC2AD2BF5900606259 /* Assets.xcassets in Resources */,
			);
			runOnlyForDeploymentPostprocessing = 0;
		};
/* End PBXResourcesBuildPhase section */

/* Begin PBXShellScriptBuildPhase section */
		6BDD20F30E8DCFED508901AC /* [CP] Check Pods Manifest.lock */ = {
			isa = PBXShellScriptBuildPhase;
			buildActionMask = 2147483647;
			files = (
			);
			inputFileListPaths = (
			);
			inputPaths = (
				"${PODS_PODFILE_DIR_PATH}/Podfile.lock",
				"${PODS_ROOT}/Manifest.lock",
			);
			name = "[CP] Check Pods Manifest.lock";
			outputFileListPaths = (
			);
			outputPaths = (
				"$(DERIVED_FILE_DIR)/Pods-BelenetsAppTwo-checkManifestLockResult.txt",
			);
			runOnlyForDeploymentPostprocessing = 0;
			shellPath = /bin/sh;
			shellScript = "diff \"${PODS_PODFILE_DIR_PATH}/Podfile.lock\" \"${PODS_ROOT}/Manifest.lock\" > /dev/null\nif [ $? != 0 ] ; then\n    # print error to STDERR\n    echo \"error: The sandbox is not in sync with the Podfile.lock. Run 'pod install' or update your CocoaPods installation.\" >&2\n    exit 1\nfi\n# This output is used by Xcode 'outputs' to avoid re-running this script phase.\necho \"SUCCESS\" > \"${SCRIPT_OUTPUT_FILE_0}\"\n";
			showEnvVarsInLog = 0;
		};
/* End PBXShellScriptBuildPhase section */

/* Begin PBXSourcesBuildPhase section */
		92B242AB2AD2BF5600606259 /* Sources */ = {
			isa = PBXSourcesBuildPhase;
			buildActionMask = 2147483647;
			files = (
				92B242DF2AD4AEF800606259 /* ViewModel.swift in Sources */,
				92B242DB2AD48FFD00606259 /* NetworkManager.swift in Sources */,
				92B242EB2ADAC38900606259 /* Numbers.swift in Sources */,
				92B242B72AD2BF5600606259 /* ViewController.swift in Sources */,
				92B242C72AD33FE800606259 /* Model.swift in Sources */,
				92B242C92AD3512500606259 /* CustomCell.swift in Sources */,
				92B242B32AD2BF5600606259 /* AppDelegate.swift in Sources */,
				92B242B52AD2BF5600606259 /* SceneDelegate.swift in Sources */,
			);
			runOnlyForDeploymentPostprocessing = 0;
		};
/* End PBXSourcesBuildPhase section */

/* Begin PBXVariantGroup section */
		92B242BD2AD2BF5900606259 /* LaunchScreen.storyboard */ = {
			isa = PBXVariantGroup;
			children = (
				92B242BE2AD2BF5900606259 /* Base */,
			);
			name = LaunchScreen.storyboard;
			sourceTree = "<group>";
		};
/* End PBXVariantGroup section */

/* Begin XCBuildConfiguration section */
		92B242C12AD2BF5900606259 /* Debug */ = {
			isa = XCBuildConfiguration;
			buildSettings = {
				ALWAYS_SEARCH_USER_PATHS = NO;
				CLANG_ANALYZER_NONNULL = YES;
				CLANG_ANALYZER_NUMBER_OBJECT_CONVERSION = YES_AGGRESSIVE;
				CLANG_CXX_LANGUAGE_STANDARD = "gnu++20";
				CLANG_ENABLE_MODULES = YES;
				CLANG_ENABLE_OBJC_ARC = YES;
				CLANG_ENABLE_OBJC_WEAK = YES;
				CLANG_WARN_BLOCK_CAPTURE_AUTORELEASING = YES;
				CLANG_WARN_BOOL_CONVERSION = YES;
				CLANG_WARN_COMMA = YES;
				CLANG_WARN_CONSTANT_CONVERSION = YES;
				CLANG_WARN_DEPRECATED_OBJC_IMPLEMENTATIONS = YES;
				CLANG_WARN_DIRECT_OBJC_ISA_USAGE = YES_ERROR;
				CLANG_WARN_DOCUMENTATION_COMMENTS = YES;
				CLANG_WARN_EMPTY_BODY = YES;
				CLANG_WARN_ENUM_CONVERSION = YES;
				CLANG_WARN_INFINITE_RECURSION = YES;
				CLANG_WARN_INT_CONVERSION = YES;
				CLANG_WARN_NON_LITERAL_NULL_CONVERSION = YES;
				CLANG_WARN_OBJC_IMPLICIT_RETAIN_SELF = YES;
				CLANG_WARN_OBJC_LITERAL_CONVERSION = YES;
				CLANG_WARN_OBJC_ROOT_CLASS = YES_ERROR;
				CLANG_WARN_QUOTED_INCLUDE_IN_FRAMEWORK_HEADER = YES;
				CLANG_WARN_RANGE_LOOP_ANALYSIS = YES;
				CLANG_WARN_STRICT_PROTOTYPES = YES;
				CLANG_WARN_SUSPICIOUS_MOVE = YES;
				CLANG_WARN_UNGUARDED_AVAILABILITY = YES_AGGRESSIVE;
				CLANG_WARN_UNREACHABLE_CODE = YES;
				CLANG_WARN__DUPLICATE_METHOD_MATCH = YES;
				COPY_PHASE_STRIP = NO;
				DEBUG_INFORMATION_FORMAT = dwarf;
				ENABLE_STRICT_OBJC_MSGSEND = YES;
				ENABLE_TESTABILITY = YES;
				GCC_C_LANGUAGE_STANDARD = gnu11;
				GCC_DYNAMIC_NO_PIC = NO;
				GCC_NO_COMMON_BLOCKS = YES;
				GCC_OPTIMIZATION_LEVEL = 0;
				GCC_PREPROCESSOR_DEFINITIONS = (
					"DEBUG=1",
					"$(inherited)",
				);
				GCC_WARN_64_TO_32_BIT_CONVERSION = YES;
				GCC_WARN_ABOUT_RETURN_TYPE = YES_ERROR;
				GCC_WARN_UNDECLARED_SELECTOR = YES;
				GCC_WARN_UNINITIALIZED_AUTOS = YES_AGGRESSIVE;
				GCC_WARN_UNUSED_FUNCTION = YES;
				GCC_WARN_UNUSED_VARIABLE = YES;
				IPHONEOS_DEPLOYMENT_TARGET = 16.2;
				MTL_ENABLE_DEBUG_INFO = INCLUDE_SOURCE;
				MTL_FAST_MATH = YES;
				ONLY_ACTIVE_ARCH = YES;
				SDKROOT = iphoneos;
				SWIFT_ACTIVE_COMPILATION_CONDITIONS = DEBUG;
				SWIFT_OPTIMIZATION_LEVEL = "-Onone";
			};
			name = Debug;
		};
		92B242C22AD2BF5900606259 /* Release */ = {
			isa = XCBuildConfiguration;
			buildSettings = {
				ALWAYS_SEARCH_USER_PATHS = NO;
				CLANG_ANALYZER_NONNULL = YES;
				CLANG_ANALYZER_NUMBER_OBJECT_CONVERSION = YES_AGGRESSIVE;
				CLANG_CXX_LANGUAGE_STANDARD = "gnu++20";
				CLANG_ENABLE_MODULES = YES;
				CLANG_ENABLE_OBJC_ARC = YES;
				CLANG_ENABLE_OBJC_WEAK = YES;
				CLANG_WARN_BLOCK_CAPTURE_AUTORELEASING = YES;
				CLANG_WARN_BOOL_CONVERSION = YES;
				CLANG_WARN_COMMA = YES;
				CLANG_WARN_CONSTANT_CONVERSION = YES;
				CLANG_WARN_DEPRECATED_OBJC_IMPLEMENTATIONS = YES;
				CLANG_WARN_DIRECT_OBJC_ISA_USAGE = YES_ERROR;
				CLANG_WARN_DOCUMENTATION_COMMENTS = YES;
				CLANG_WARN_EMPTY_BODY = YES;
				CLANG_WARN_ENUM_CONVERSION = YES;
				CLANG_WARN_INFINITE_RECURSION = YES;
				CLANG_WARN_INT_CONVERSION = YES;
				CLANG_WARN_NON_LITERAL_NULL_CONVERSION = YES;
				CLANG_WARN_OBJC_IMPLICIT_RETAIN_SELF = YES;
				CLANG_WARN_OBJC_LITERAL_CONVERSION = YES;
				CLANG_WARN_OBJC_ROOT_CLASS = YES_ERROR;
				CLANG_WARN_QUOTED_INCLUDE_IN_FRAMEWORK_HEADER = YES;
				CLANG_WARN_RANGE_LOOP_ANALYSIS = YES;
				CLANG_WARN_STRICT_PROTOTYPES = YES;
				CLANG_WARN_SUSPICIOUS_MOVE = YES;
				CLANG_WARN_UNGUARDED_AVAILABILITY = YES_AGGRESSIVE;
				CLANG_WARN_UNREACHABLE_CODE = YES;
				CLANG_WARN__DUPLICATE_METHOD_MATCH = YES;
				COPY_PHASE_STRIP = NO;
				DEBUG_INFORMATION_FORMAT = "dwarf-with-dsym";
				ENABLE_NS_ASSERTIONS = NO;
				ENABLE_STRICT_OBJC_MSGSEND = YES;
				GCC_C_LANGUAGE_STANDARD = gnu11;
				GCC_NO_COMMON_BLOCKS = YES;
				GCC_WARN_64_TO_32_BIT_CONVERSION = YES;
				GCC_WARN_ABOUT_RETURN_TYPE = YES_ERROR;
				GCC_WARN_UNDECLARED_SELECTOR = YES;
				GCC_WARN_UNINITIALIZED_AUTOS = YES_AGGRESSIVE;
				GCC_WARN_UNUSED_FUNCTION = YES;
				GCC_WARN_UNUSED_VARIABLE = YES;
				IPHONEOS_DEPLOYMENT_TARGET = 16.2;
				MTL_ENABLE_DEBUG_INFO = NO;
				MTL_FAST_MATH = YES;
				SDKROOT = iphoneos;
				SWIFT_COMPILATION_MODE = wholemodule;
				SWIFT_OPTIMIZATION_LEVEL = "-O";
				VALIDATE_PRODUCT = YES;
			};
			name = Release;
		};
		92B242C42AD2BF5900606259 /* Debug */ = {
			isa = XCBuildConfiguration;
			baseConfigurationReference = D98A8FB2D2AF5EB2AB7E5AE1 /* Pods-BelenetsAppTwo.debug.xcconfig */;
			buildSettings = {
				ASSETCATALOG_COMPILER_APPICON_NAME = AppIcon;
				ASSETCATALOG_COMPILER_GLOBAL_ACCENT_COLOR_NAME = AccentColor;
				CODE_SIGN_STYLE = Automatic;
				CURRENT_PROJECT_VERSION = 1;
				DEVELOPMENT_TEAM = JJT989VNH4;
				GENERATE_INFOPLIST_FILE = YES;
				INFOPLIST_FILE = BelenetsAppTwo/App/Info.plist;
				INFOPLIST_KEY_UIApplicationSupportsIndirectInputEvents = YES;
				INFOPLIST_KEY_UILaunchStoryboardName = LaunchScreen;
				INFOPLIST_KEY_UISupportedInterfaceOrientations = UIInterfaceOrientationPortrait;
				LD_RUNPATH_SEARCH_PATHS = (
					"$(inherited)",
					"@executable_path/Frameworks",
				);
				MARKETING_VERSION = 1.0;
				PRODUCT_BUNDLE_IDENTIFIER = belenets.BelenetsAppTwo;
				PRODUCT_NAME = "$(TARGET_NAME)";
				SUPPORTED_PLATFORMS = "iphoneos iphonesimulator";
				SUPPORTS_MACCATALYST = NO;
				SUPPORTS_MAC_DESIGNED_FOR_IPHONE_IPAD = NO;
				SWIFT_EMIT_LOC_STRINGS = YES;
				SWIFT_VERSION = 5.0;
				TARGETED_DEVICE_FAMILY = 1;
			};
			name = Debug;
		};
		92B242C52AD2BF5900606259 /* Release */ = {
			isa = XCBuildConfiguration;
			baseConfigurationReference = 62A89BF3BB1DC7BC57784FF0 /* Pods-BelenetsAppTwo.release.xcconfig */;
			buildSettings = {
				ASSETCATALOG_COMPILER_APPICON_NAME = AppIcon;
				ASSETCATALOG_COMPILER_GLOBAL_ACCENT_COLOR_NAME = AccentColor;
				CODE_SIGN_STYLE = Automatic;
				CURRENT_PROJECT_VERSION = 1;
				DEVELOPMENT_TEAM = JJT989VNH4;
				GENERATE_INFOPLIST_FILE = YES;
				INFOPLIST_FILE = BelenetsAppTwo/App/Info.plist;
				INFOPLIST_KEY_UIApplicationSupportsIndirectInputEvents = YES;
				INFOPLIST_KEY_UILaunchStoryboardName = LaunchScreen;
				INFOPLIST_KEY_UISupportedInterfaceOrientations = UIInterfaceOrientationPortrait;
				LD_RUNPATH_SEARCH_PATHS = (
					"$(inherited)",
					"@executable_path/Frameworks",
				);
				MARKETING_VERSION = 1.0;
				PRODUCT_BUNDLE_IDENTIFIER = belenets.BelenetsAppTwo;
				PRODUCT_NAME = "$(TARGET_NAME)";
				SUPPORTED_PLATFORMS = "iphoneos iphonesimulator";
				SUPPORTS_MACCATALYST = NO;
				SUPPORTS_MAC_DESIGNED_FOR_IPHONE_IPAD = NO;
				SWIFT_EMIT_LOC_STRINGS = YES;
				SWIFT_VERSION = 5.0;
				TARGETED_DEVICE_FAMILY = 1;
			};
			name = Release;
		};
/* End XCBuildConfiguration section */

/* Begin XCConfigurationList section */
		92B242AA2AD2BF5600606259 /* Build configuration list for PBXProject "BelenetsAppTwo" */ = {
			isa = XCConfigurationList;
			buildConfigurations = (
				92B242C12AD2BF5900606259 /* Debug */,
				92B242C22AD2BF5900606259 /* Release */,
			);
			defaultConfigurationIsVisible = 0;
			defaultConfigurationName = Release;
		};
		92B242C32AD2BF5900606259 /* Build configuration list for PBXNativeTarget "BelenetsAppTwo" */ = {
			isa = XCConfigurationList;
			buildConfigurations = (
				92B242C42AD2BF5900606259 /* Debug */,
				92B242C52AD2BF5900606259 /* Release */,
			);
			defaultConfigurationIsVisible = 0;
			defaultConfigurationName = Release;
		};
/* End XCConfigurationList section */
	};
	rootObject = 92B242A72AD2BF5600606259 /* Project object */;
}
